
Microsoft Visual Studio Solution File, Format Version 12.00
# Visual Studio Version 16
VisualStudioVersion = 16.0.31005.135
MinimumVisualStudioVersion = 10.0.40219.1
Project("{9A19103F-16F7-4668-BE54-9A1E7A4F7556}") = "IMDB.API", "IMDB-api\IMDB.API.csproj", "{C57FD74C-84A8-4E4B-9539-0E6B13C851C8}"
EndProject
Project("{FAE04EC0-301F-11D3-BF4B-00C04F79EFBC}") = "IMDB.Tests", "IMDB.Tests\IMDB.Tests.csproj", "{AC12DB65-9229-4951-A012-E3A0841DF524}"
EndProject
Global
	GlobalSection(SolutionConfigurationPlatforms) = preSolution
		Debug|Any CPU = Debug|Any CPU
		Release|Any CPU = Release|Any CPU
	EndGlobalSection
	GlobalSection(ProjectConfigurationPlatforms) = postSolution
		{C57FD74C-84A8-4E4B-9539-0E6B13C851C8}.Debug|Any CPU.ActiveCfg = Debug|Any CPU
		{C57FD74C-84A8-4E4B-9539-0E6B13C851C8}.Debug|Any CPU.Build.0 = Debug|Any CPU
		{C57FD74C-84A8-4E4B-9539-0E6B13C851C8}.Release|Any CPU.ActiveCfg = Release|Any CPU
		{C57FD74C-84A8-4E4B-9539-0E6B13C851C8}.Release|Any CPU.Build.0 = Release|Any CPU
		{AC12DB65-9229-4951-A012-E3A0841DF524}.Debug|Any CPU.ActiveCfg = Debug|Any CPU
		{AC12DB65-9229-4951-A012-E3A0841DF524}.Debug|Any CPU.Build.0 = Debug|Any CPU
		{AC12DB65-9229-4951-A012-E3A0841DF524}.Release|Any CPU.ActiveCfg = Release|Any CPU
		{AC12DB65-9229-4951-A012-E3A0841DF524}.Release|Any CPU.Build.0 = Release|Any CPU
	EndGlobalSection
	GlobalSection(SolutionProperties) = preSolution
		HideSolutionNode = FALSE
	EndGlobalSection
	GlobalSection(ExtensibilityGlobals) = postSolution
		SolutionGuid = {2D5AC1EB-895C-4078-9543-23F81275B88D}
	EndGlobalSection
EndGlobal
